{
  "requires": true,
  "lockfileVersion": 1,
  "dependencies": {
    "deber-librerias": {
      "version": "1.0.0",
      "resolved": "https://registry.npmjs.org/deber-librerias/-/deber-librerias-1.0.0.tgz",
      "integrity": "sha512-9z3ehSKQ/khzJTvE4Ce88pTUomEVcQCqEwxgSre7v948Aq3t7b4qV5qnBsJxf3ky1Q9L/kWsT9h3T+m4+mwabg=="
    }
  }
}
